
Microsoft Visual Studio Solution File, Format Version 12.00
# Visual Studio Version 16
VisualStudioVersion = 25.0.1704.1
MinimumVisualStudioVersion = 10.0.40219.1
Project("{FAE04EC0-301F-11D3-BF4B-00C04F79EFBC}") = "BuyBooksOnlineInv", "BuyBooksOnlineInv\BuyBooksOnlineInv.csproj", "{1F982C14-6983-4E0B-A4DD-3F5A093F1B60}"
EndProject
Project("{2150E333-8FDC-42A3-9474-1A3956D46DE8}") = "Solution Items", "Solution Items", "{4A624A6F-4B18-4190-8CEF-FF7B09005684}"
	ProjectSection(SolutionItems) = preProject
		EmptyCSSFile.css = EmptyCSSFile.css
		FileTemplate.xft.xml = FileTemplate.xft.xml
	EndProjectSection
EndProject
Global
	GlobalSection(SolutionConfigurationPlatforms) = preSolution
		Debug|Any CPU = Debug|Any CPU
		Release|Any CPU = Release|Any CPU
	EndGlobalSection
	GlobalSection(ProjectConfigurationPlatforms) = postSolution
		{1F982C14-6983-4E0B-A4DD-3F5A093F1B60}.Debug|Any CPU.ActiveCfg = Debug|Any CPU
		{1F982C14-6983-4E0B-A4DD-3F5A093F1B60}.Debug|Any CPU.Build.0 = Debug|Any CPU
		{1F982C14-6983-4E0B-A4DD-3F5A093F1B60}.Release|Any CPU.ActiveCfg = Release|Any CPU
		{1F982C14-6983-4E0B-A4DD-3F5A093F1B60}.Release|Any CPU.Build.0 = Release|Any CPU
	EndGlobalSection
	GlobalSection(SolutionProperties) = preSolution
		HideSolutionNode = FALSE
	EndGlobalSection
	GlobalSection(ExtensibilityGlobals) = postSolution
		SolutionGuid = {978C8528-FC0E-40E1-82AE-10B0A8D88081}
	EndGlobalSection
EndGlobal
